
Microsoft Visual Studio Solution File, Format Version 12.00
# Visual Studio 15
VisualStudioVersion = 15.0.28010.2036
MinimumVisualStudioVersion = 10.0.40219.1
Project("{FAE04EC0-301F-11D3-BF4B-00C04F79EFBC}") = "baiTap", "baiTap\baiTap.csproj", "{76AA4276-941E-4DE8-922B-88E3C48570F9}"
EndProject
Global
	GlobalSection(SolutionConfigurationPlatforms) = preSolution
		Debug|ARM = Debug|ARM
		Debug|x64 = Debug|x64
		Debug|x86 = Debug|x86
		Release|ARM = Release|ARM
		Release|x64 = Release|x64
		Release|x86 = Release|x86
	EndGlobalSection
	GlobalSection(ProjectConfigurationPlatforms) = postSolution
		{76AA4276-941E-4DE8-922B-88E3C48570F9}.Debug|ARM.ActiveCfg = Debug|ARM
		{76AA4276-941E-4DE8-922B-88E3C48570F9}.Debug|ARM.Build.0 = Debug|ARM
		{76AA4276-941E-4DE8-922B-88E3C48570F9}.Debug|ARM.Deploy.0 = Debug|ARM
		{76AA4276-941E-4DE8-922B-88E3C48570F9}.Debug|x64.ActiveCfg = Debug|x64
		{76AA4276-941E-4DE8-922B-88E3C48570F9}.Debug|x64.Build.0 = Debug|x64
		{76AA4276-941E-4DE8-922B-88E3C48570F9}.Debug|x64.Deploy.0 = Debug|x64
		{76AA4276-941E-4DE8-922B-88E3C48570F9}.Debug|x86.ActiveCfg = Debug|x86
		{76AA4276-941E-4DE8-922B-88E3C48570F9}.Debug|x86.Build.0 = Debug|x86
		{76AA4276-941E-4DE8-922B-88E3C48570F9}.Debug|x86.Deploy.0 = Debug|x86
		{76AA4276-941E-4DE8-922B-88E3C48570F9}.Release|ARM.ActiveCfg = Release|ARM
		{76AA4276-941E-4DE8-922B-88E3C48570F9}.Release|ARM.Build.0 = Release|ARM
		{76AA4276-941E-4DE8-922B-88E3C48570F9}.Release|ARM.Deploy.0 = Release|ARM
		{76AA4276-941E-4DE8-922B-88E3C48570F9}.Release|x64.ActiveCfg = Release|x64
		{76AA4276-941E-4DE8-922B-88E3C48570F9}.Release|x64.Build.0 = Release|x64
		{76AA4276-941E-4DE8-922B-88E3C48570F9}.Release|x64.Deploy.0 = Release|x64
		{76AA4276-941E-4DE8-922B-88E3C48570F9}.Release|x86.ActiveCfg = Release|x86
		{76AA4276-941E-4DE8-922B-88E3C48570F9}.Release|x86.Build.0 = Release|x86
		{76AA4276-941E-4DE8-922B-88E3C48570F9}.Release|x86.Deploy.0 = Release|x86
	EndGlobalSection
	GlobalSection(SolutionProperties) = preSolution
		HideSolutionNode = FALSE
	EndGlobalSection
	GlobalSection(ExtensibilityGlobals) = postSolution
		SolutionGuid = {24FA9752-60DD-434F-8F8A-1E86B540B28C}
	EndGlobalSection
EndGlobal
